
Microsoft Visual Studio Solution File, Format Version 12.00
# Visual Studio Version 16
VisualStudioVersion = 16.0.31005.135
MinimumVisualStudioVersion = 10.0.40219.1
Project("{2150E333-8FDC-42A3-9474-1A3956D46DE8}") = "src", "src", "{A03E126F-3510-4163-A250-BC3774A15398}"
EndProject
Project("{2150E333-8FDC-42A3-9474-1A3956D46DE8}") = "tests", "tests", "{633EA721-F282-42FC-B61C-5FC9FED38E0E}"
EndProject
Project("{FAE04EC0-301F-11D3-BF4B-00C04F79EFBC}") = "CardLimit.Core", "src\CardLimit.Core\CardLimit.Core.csproj", "{DAB31B0C-0EFC-4442-B716-6F0B052F4508}"
EndProject
Project("{2150E333-8FDC-42A3-9474-1A3956D46DE8}") = "app", "app", "{6F13400A-A88B-44F1-96E7-23B6F10392B1}"
EndProject
Project("{9A19103F-16F7-4668-BE54-9A1E7A4F7556}") = "CardLimit", "app\CardLimit\CardLimit.csproj", "{82DE8682-C2C5-448A-A88D-9272015B4500}"
EndProject
Project("{FAE04EC0-301F-11D3-BF4B-00C04F79EFBC}") = "CardLimit.Api", "app\CardLimit.Api\CardLimit.Api.csproj", "{4FA581DE-2F04-44BA-90A8-050FA5097A65}"
EndProject
Global
	GlobalSection(SolutionConfigurationPlatforms) = preSolution
		Debug|Any CPU = Debug|Any CPU
		Release|Any CPU = Release|Any CPU
	EndGlobalSection
	GlobalSection(ProjectConfigurationPlatforms) = postSolution
		{DAB31B0C-0EFC-4442-B716-6F0B052F4508}.Debug|Any CPU.ActiveCfg = Debug|Any CPU
		{DAB31B0C-0EFC-4442-B716-6F0B052F4508}.Debug|Any CPU.Build.0 = Debug|Any CPU
		{DAB31B0C-0EFC-4442-B716-6F0B052F4508}.Release|Any CPU.ActiveCfg = Release|Any CPU
		{DAB31B0C-0EFC-4442-B716-6F0B052F4508}.Release|Any CPU.Build.0 = Release|Any CPU
		{82DE8682-C2C5-448A-A88D-9272015B4500}.Debug|Any CPU.ActiveCfg = Debug|Any CPU
		{82DE8682-C2C5-448A-A88D-9272015B4500}.Debug|Any CPU.Build.0 = Debug|Any CPU
		{82DE8682-C2C5-448A-A88D-9272015B4500}.Release|Any CPU.ActiveCfg = Release|Any CPU
		{82DE8682-C2C5-448A-A88D-9272015B4500}.Release|Any CPU.Build.0 = Release|Any CPU
		{4FA581DE-2F04-44BA-90A8-050FA5097A65}.Debug|Any CPU.ActiveCfg = Debug|Any CPU
		{4FA581DE-2F04-44BA-90A8-050FA5097A65}.Debug|Any CPU.Build.0 = Debug|Any CPU
		{4FA581DE-2F04-44BA-90A8-050FA5097A65}.Release|Any CPU.ActiveCfg = Release|Any CPU
		{4FA581DE-2F04-44BA-90A8-050FA5097A65}.Release|Any CPU.Build.0 = Release|Any CPU
	EndGlobalSection
	GlobalSection(SolutionProperties) = preSolution
		HideSolutionNode = FALSE
	EndGlobalSection
	GlobalSection(NestedProjects) = preSolution
		{DAB31B0C-0EFC-4442-B716-6F0B052F4508} = {A03E126F-3510-4163-A250-BC3774A15398}
		{82DE8682-C2C5-448A-A88D-9272015B4500} = {6F13400A-A88B-44F1-96E7-23B6F10392B1}
		{4FA581DE-2F04-44BA-90A8-050FA5097A65} = {6F13400A-A88B-44F1-96E7-23B6F10392B1}
	EndGlobalSection
	GlobalSection(ExtensibilityGlobals) = postSolution
		SolutionGuid = {0947211C-5560-4C7C-B394-57C413924115}
	EndGlobalSection
EndGlobal
